
Microsoft Visual Studio Solution File, Format Version 12.00
# Visual Studio Version 16
VisualStudioVersion = 16.0.810.11
MinimumVisualStudioVersion = 10.0.40219.1
Project("{FAE04EC0-301F-11D3-BF4B-00C04F79EFBC}") = "BookSystem.TerminallApp", "BookSystem.TerminallApp\BookSystem.TerminallApp.csproj", "{A7E233F5-3919-4390-BFB2-26DE5D708E81}"
EndProject
Global
	GlobalSection(SolutionConfigurationPlatforms) = preSolution
		Debug|Any CPU = Debug|Any CPU
		Release|Any CPU = Release|Any CPU
	EndGlobalSection
	GlobalSection(ProjectConfigurationPlatforms) = postSolution
		{A7E233F5-3919-4390-BFB2-26DE5D708E81}.Debug|Any CPU.ActiveCfg = Debug|Any CPU
		{A7E233F5-3919-4390-BFB2-26DE5D708E81}.Debug|Any CPU.Build.0 = Debug|Any CPU
		{A7E233F5-3919-4390-BFB2-26DE5D708E81}.Release|Any CPU.ActiveCfg = Release|Any CPU
		{A7E233F5-3919-4390-BFB2-26DE5D708E81}.Release|Any CPU.Build.0 = Release|Any CPU
	EndGlobalSection
	GlobalSection(SolutionProperties) = preSolution
		HideSolutionNode = FALSE
	EndGlobalSection
	GlobalSection(ExtensibilityGlobals) = postSolution
		SolutionGuid = {DA5BF6A7-6E40-4A63-8E33-48DBFB3FD6DE}
	EndGlobalSection
EndGlobal
